
Microsoft Visual Studio Solution File, Format Version 12.00
# Visual Studio 15
VisualStudioVersion = 15.0.26606.0
MinimumVisualStudioVersion = 10.0.40219.1
Project("{FAE04EC0-301F-11D3-BF4B-00C04F79EFBC}") = "CrossPlatformApp.Android", "CrossPlatformApp\CrossPlatformApp.Android\CrossPlatformApp.Android.csproj", "{B4B5CCB2-481B-4445-9BDE-83FCFE75700C}"
EndProject
Project("{FAE04EC0-301F-11D3-BF4B-00C04F79EFBC}") = "CrossPlatformApp.Views", "CrossPlatformApp\CrossPlatformApp\CrossPlatformApp.Views.csproj", "{FBA3AC39-C6B2-4391-92BC-E2BF17B5C785}"
EndProject
Project("{FAE04EC0-301F-11D3-BF4B-00C04F79EFBC}") = "CrossPlatformApp.UWP", "CrossPlatformApp\CrossPlatformApp.UWP\CrossPlatformApp.UWP.csproj", "{49F1A988-ADF5-4E8B-83F0-B1651292BA4F}"
EndProject
Project("{FAE04EC0-301F-11D3-BF4B-00C04F79EFBC}") = "CrossPlatformApp.iOS", "CrossPlatformApp\CrossPlatformApp.iOS\CrossPlatformApp.iOS.csproj", "{60BAB62F-E76A-476F-B16A-38EFFAF6E14F}"
EndProject
Project("{FAE04EC0-301F-11D3-BF4B-00C04F79EFBC}") = "CrossPlatformApp.Infrastructure", "CrossPlatformApp\CrossPlatformApp.Infrastructure\CrossPlatformApp.Infrastructure.csproj", "{A90EB4A5-4236-4D7B-96A0-2E2BA0CF9319}"
EndProject
Global
	GlobalSection(SolutionConfigurationPlatforms) = preSolution
		Ad-Hoc|Any CPU = Ad-Hoc|Any CPU
		Ad-Hoc|ARM = Ad-Hoc|ARM
		Ad-Hoc|iPhone = Ad-Hoc|iPhone
		Ad-Hoc|iPhoneSimulator = Ad-Hoc|iPhoneSimulator
		Ad-Hoc|x64 = Ad-Hoc|x64
		Ad-Hoc|x86 = Ad-Hoc|x86
		AppStore|Any CPU = AppStore|Any CPU
		AppStore|ARM = AppStore|ARM
		AppStore|iPhone = AppStore|iPhone
		AppStore|iPhoneSimulator = AppStore|iPhoneSimulator
		AppStore|x64 = AppStore|x64
		AppStore|x86 = AppStore|x86
		Debug|Any CPU = Debug|Any CPU
		Debug|ARM = Debug|ARM
		Debug|iPhone = Debug|iPhone
		Debug|iPhoneSimulator = Debug|iPhoneSimulator
		Debug|x64 = Debug|x64
		Debug|x86 = Debug|x86
		Release|Any CPU = Release|Any CPU
		Release|ARM = Release|ARM
		Release|iPhone = Release|iPhone
		Release|iPhoneSimulator = Release|iPhoneSimulator
		Release|x64 = Release|x64
		Release|x86 = Release|x86
	EndGlobalSection
	GlobalSection(ProjectConfigurationPlatforms) = postSolution
		{B4B5CCB2-481B-4445-9BDE-83FCFE75700C}.Ad-Hoc|Any CPU.ActiveCfg = Release|Any CPU
		{B4B5CCB2-481B-4445-9BDE-83FCFE75700C}.Ad-Hoc|Any CPU.Build.0 = Release|Any CPU
		{B4B5CCB2-481B-4445-9BDE-83FCFE75700C}.Ad-Hoc|Any CPU.Deploy.0 = Release|Any CPU
		{B4B5CCB2-481B-4445-9BDE-83FCFE75700C}.Ad-Hoc|ARM.ActiveCfg = Release|Any CPU
		{B4B5CCB2-481B-4445-9BDE-83FCFE75700C}.Ad-Hoc|ARM.Build.0 = Release|Any CPU
		{B4B5CCB2-481B-4445-9BDE-83FCFE75700C}.Ad-Hoc|ARM.Deploy.0 = Release|Any CPU
		{B4B5CCB2-481B-4445-9BDE-83FCFE75700C}.Ad-Hoc|iPhone.ActiveCfg = Release|Any CPU
		{B4B5CCB2-481B-4445-9BDE-83FCFE75700C}.Ad-Hoc|iPhone.Build.0 = Release|Any CPU
		{B4B5CCB2-481B-4445-9BDE-83FCFE75700C}.Ad-Hoc|iPhone.Deploy.0 = Release|Any CPU
		{B4B5CCB2-481B-4445-9BDE-83FCFE75700C}.Ad-Hoc|iPhoneSimulator.ActiveCfg = Release|Any CPU
		{B4B5CCB2-481B-4445-9BDE-83FCFE75700C}.Ad-Hoc|iPhoneSimulator.Build.0 = Release|Any CPU
		{B4B5CCB2-481B-4445-9BDE-83FCFE75700C}.Ad-Hoc|iPhoneSimulator.Deploy.0 = Release|Any CPU
		{B4B5CCB2-481B-4445-9BDE-83FCFE75700C}.Ad-Hoc|x64.ActiveCfg = Release|Any CPU
		{B4B5CCB2-481B-4445-9BDE-83FCFE75700C}.Ad-Hoc|x64.Build.0 = Release|Any CPU
		{B4B5CCB2-481B-4445-9BDE-83FCFE75700C}.Ad-Hoc|x64.Deploy.0 = Release|Any CPU
		{B4B5CCB2-481B-4445-9BDE-83FCFE75700C}.Ad-Hoc|x86.ActiveCfg = Release|Any CPU
		{B4B5CCB2-481B-4445-9BDE-83FCFE75700C}.Ad-Hoc|x86.Build.0 = Release|Any CPU
		{B4B5CCB2-481B-4445-9BDE-83FCFE75700C}.Ad-Hoc|x86.Deploy.0 = Release|Any CPU
		{B4B5CCB2-481B-4445-9BDE-83FCFE75700C}.AppStore|Any CPU.ActiveCfg = Release|Any CPU
		{B4B5CCB2-481B-4445-9BDE-83FCFE75700C}.AppStore|Any CPU.Build.0 = Release|Any CPU
		{B4B5CCB2-481B-4445-9BDE-83FCFE75700C}.AppStore|Any CPU.Deploy.0 = Release|Any CPU
		{B4B5CCB2-481B-4445-9BDE-83FCFE75700C}.AppStore|ARM.ActiveCfg = Release|Any CPU
		{B4B5CCB2-481B-4445-9BDE-83FCFE75700C}.AppStore|ARM.Build.0 = Release|Any CPU
		{B4B5CCB2-481B-4445-9BDE-83FCFE75700C}.AppStore|ARM.Deploy.0 = Release|Any CPU
		{B4B5CCB2-481B-4445-9BDE-83FCFE75700C}.AppStore|iPhone.ActiveCfg = Release|Any CPU
		{B4B5CCB2-481B-4445-9BDE-83FCFE75700C}.AppStore|iPhone.Build.0 = Release|Any CPU
		{B4B5CCB2-481B-4445-9BDE-83FCFE75700C}.AppStore|iPhone.Deploy.0 = Release|Any CPU
		{B4B5CCB2-481B-4445-9BDE-83FCFE75700C}.AppStore|iPhoneSimulator.ActiveCfg = Release|Any CPU
		{B4B5CCB2-481B-4445-9BDE-83FCFE75700C}.AppStore|iPhoneSimulator.Build.0 = Release|Any CPU
		{B4B5CCB2-481B-4445-9BDE-83FCFE75700C}.AppStore|iPhoneSimulator.Deploy.0 = Release|Any CPU
		{B4B5CCB2-481B-4445-9BDE-83FCFE75700C}.AppStore|x64.ActiveCfg = Release|Any CPU
		{B4B5CCB2-481B-4445-9BDE-83FCFE75700C}.AppStore|x64.Build.0 = Release|Any CPU
		{B4B5CCB2-481B-4445-9BDE-83FCFE75700C}.AppStore|x64.Deploy.0 = Release|Any CPU
		{B4B5CCB2-481B-4445-9BDE-83FCFE75700C}.AppStore|x86.ActiveCfg = Release|Any CPU
		{B4B5CCB2-481B-4445-9BDE-83FCFE75700C}.AppStore|x86.Build.0 = Release|Any CPU
		{B4B5CCB2-481B-4445-9BDE-83FCFE75700C}.AppStore|x86.Deploy.0 = Release|Any CPU
		{B4B5CCB2-481B-4445-9BDE-83FCFE75700C}.Debug|Any CPU.ActiveCfg = Debug|Any CPU
		{B4B5CCB2-481B-4445-9BDE-83FCFE75700C}.Debug|Any CPU.Build.0 = Debug|Any CPU
		{B4B5CCB2-481B-4445-9BDE-83FCFE75700C}.Debug|Any CPU.Deploy.0 = Debug|Any CPU
		{B4B5CCB2-481B-4445-9BDE-83FCFE75700C}.Debug|ARM.ActiveCfg = Debug|Any CPU
		{B4B5CCB2-481B-4445-9BDE-83FCFE75700C}.Debug|ARM.Build.0 = Debug|Any CPU
		{B4B5CCB2-481B-4445-9BDE-83FCFE75700C}.Debug|ARM.Deploy.0 = Debug|Any CPU
		{B4B5CCB2-481B-4445-9BDE-83FCFE75700C}.Debug|iPhone.ActiveCfg = Debug|Any CPU
		{B4B5CCB2-481B-4445-9BDE-83FCFE75700C}.Debug|iPhone.Build.0 = Debug|Any CPU
		{B4B5CCB2-481B-4445-9BDE-83FCFE75700C}.Debug|iPhone.Deploy.0 = Debug|Any CPU
		{B4B5CCB2-481B-4445-9BDE-83FCFE75700C}.Debug|iPhoneSimulator.ActiveCfg = Debug|Any CPU
		{B4B5CCB2-481B-4445-9BDE-83FCFE75700C}.Debug|iPhoneSimulator.Build.0 = Debug|Any CPU
		{B4B5CCB2-481B-4445-9BDE-83FCFE75700C}.Debug|iPhoneSimulator.Deploy.0 = Debug|Any CPU
		{B4B5CCB2-481B-4445-9BDE-83FCFE75700C}.Debug|x64.ActiveCfg = Debug|Any CPU
		{B4B5CCB2-481B-4445-9BDE-83FCFE75700C}.Debug|x64.Build.0 = Debug|Any CPU
		{B4B5CCB2-481B-4445-9BDE-83FCFE75700C}.Debug|x64.Deploy.0 = Debug|Any CPU
		{B4B5CCB2-481B-4445-9BDE-83FCFE75700C}.Debug|x86.ActiveCfg = Debug|Any CPU
		{B4B5CCB2-481B-4445-9BDE-83FCFE75700C}.Debug|x86.Build.0 = Debug|Any CPU
		{B4B5CCB2-481B-4445-9BDE-83FCFE75700C}.Debug|x86.Deploy.0 = Debug|Any CPU
		{B4B5CCB2-481B-4445-9BDE-83FCFE75700C}.Release|Any CPU.ActiveCfg = Release|Any CPU
		{B4B5CCB2-481B-4445-9BDE-83FCFE75700C}.Release|Any CPU.Build.0 = Release|Any CPU
		{B4B5CCB2-481B-4445-9BDE-83FCFE75700C}.Release|Any CPU.Deploy.0 = Release|Any CPU
		{B4B5CCB2-481B-4445-9BDE-83FCFE75700C}.Release|ARM.ActiveCfg = Release|Any CPU
		{B4B5CCB2-481B-4445-9BDE-83FCFE75700C}.Release|ARM.Build.0 = Release|Any CPU
		{B4B5CCB2-481B-4445-9BDE-83FCFE75700C}.Release|ARM.Deploy.0 = Release|Any CPU
		{B4B5CCB2-481B-4445-9BDE-83FCFE75700C}.Release|iPhone.ActiveCfg = Release|Any CPU
		{B4B5CCB2-481B-4445-9BDE-83FCFE75700C}.Release|iPhone.Build.0 = Release|Any CPU
		{B4B5CCB2-481B-4445-9BDE-83FCFE75700C}.Release|iPhone.Deploy.0 = Release|Any CPU
		{B4B5CCB2-481B-4445-9BDE-83FCFE75700C}.Release|iPhoneSimulator.ActiveCfg = Release|Any CPU
		{B4B5CCB2-481B-4445-9BDE-83FCFE75700C}.Release|iPhoneSimulator.Build.0 = Release|Any CPU
		{B4B5CCB2-481B-4445-9BDE-83FCFE75700C}.Release|iPhoneSimulator.Deploy.0 = Release|Any CPU
		{B4B5CCB2-481B-4445-9BDE-83FCFE75700C}.Release|x64.ActiveCfg = Release|Any CPU
		{B4B5CCB2-481B-4445-9BDE-83FCFE75700C}.Release|x64.Build.0 = Release|Any CPU
		{B4B5CCB2-481B-4445-9BDE-83FCFE75700C}.Release|x64.Deploy.0 = Release|Any CPU
		{B4B5CCB2-481B-4445-9BDE-83FCFE75700C}.Release|x86.ActiveCfg = Release|Any CPU
		{B4B5CCB2-481B-4445-9BDE-83FCFE75700C}.Release|x86.Build.0 = Release|Any CPU
		{B4B5CCB2-481B-4445-9BDE-83FCFE75700C}.Release|x86.Deploy.0 = Release|Any CPU
		{FBA3AC39-C6B2-4391-92BC-E2BF17B5C785}.Ad-Hoc|Any CPU.ActiveCfg = Release|Any CPU
		{FBA3AC39-C6B2-4391-92BC-E2BF17B5C785}.Ad-Hoc|Any CPU.Build.0 = Release|Any CPU
		{FBA3AC39-C6B2-4391-92BC-E2BF17B5C785}.Ad-Hoc|ARM.ActiveCfg = Release|Any CPU
		{FBA3AC39-C6B2-4391-92BC-E2BF17B5C785}.Ad-Hoc|ARM.Build.0 = Release|Any CPU
		{FBA3AC39-C6B2-4391-92BC-E2BF17B5C785}.Ad-Hoc|iPhone.ActiveCfg = Release|Any CPU
		{FBA3AC39-C6B2-4391-92BC-E2BF17B5C785}.Ad-Hoc|iPhone.Build.0 = Release|Any CPU
		{FBA3AC39-C6B2-4391-92BC-E2BF17B5C785}.Ad-Hoc|iPhoneSimulator.ActiveCfg = Release|Any CPU
		{FBA3AC39-C6B2-4391-92BC-E2BF17B5C785}.Ad-Hoc|iPhoneSimulator.Build.0 = Release|Any CPU
		{FBA3AC39-C6B2-4391-92BC-E2BF17B5C785}.Ad-Hoc|x64.ActiveCfg = Release|Any CPU
		{FBA3AC39-C6B2-4391-92BC-E2BF17B5C785}.Ad-Hoc|x64.Build.0 = Release|Any CPU
		{FBA3AC39-C6B2-4391-92BC-E2BF17B5C785}.Ad-Hoc|x86.ActiveCfg = Release|Any CPU
		{FBA3AC39-C6B2-4391-92BC-E2BF17B5C785}.Ad-Hoc|x86.Build.0 = Release|Any CPU
		{FBA3AC39-C6B2-4391-92BC-E2BF17B5C785}.AppStore|Any CPU.ActiveCfg = Release|Any CPU
		{FBA3AC39-C6B2-4391-92BC-E2BF17B5C785}.AppStore|Any CPU.Build.0 = Release|Any CPU
		{FBA3AC39-C6B2-4391-92BC-E2BF17B5C785}.AppStore|ARM.ActiveCfg = Release|Any CPU
		{FBA3AC39-C6B2-4391-92BC-E2BF17B5C785}.AppStore|ARM.Build.0 = Release|Any CPU
		{FBA3AC39-C6B2-4391-92BC-E2BF17B5C785}.AppStore|iPhone.ActiveCfg = Release|Any CPU
		{FBA3AC39-C6B2-4391-92BC-E2BF17B5C785}.AppStore|iPhone.Build.0 = Release|Any CPU
		{FBA3AC39-C6B2-4391-92BC-E2BF17B5C785}.AppStore|iPhoneSimulator.ActiveCfg = Release|Any CPU
		{FBA3AC39-C6B2-4391-92BC-E2BF17B5C785}.AppStore|iPhoneSimulator.Build.0 = Release|Any CPU
		{FBA3AC39-C6B2-4391-92BC-E2BF17B5C785}.AppStore|x64.ActiveCfg = Release|Any CPU
		{FBA3AC39-C6B2-4391-92BC-E2BF17B5C785}.AppStore|x64.Build.0 = Release|Any CPU
		{FBA3AC39-C6B2-4391-92BC-E2BF17B5C785}.AppStore|x86.ActiveCfg = Release|Any CPU
		{FBA3AC39-C6B2-4391-92BC-E2BF17B5C785}.AppStore|x86.Build.0 = Release|Any CPU
		{FBA3AC39-C6B2-4391-92BC-E2BF17B5C785}.Debug|Any CPU.ActiveCfg = Debug|Any CPU
		{FBA3AC39-C6B2-4391-92BC-E2BF17B5C785}.Debug|Any CPU.Build.0 = Debug|Any CPU
		{FBA3AC39-C6B2-4391-92BC-E2BF17B5C785}.Debug|ARM.ActiveCfg = Debug|Any CPU
		{FBA3AC39-C6B2-4391-92BC-E2BF17B5C785}.Debug|ARM.Build.0 = Debug|Any CPU
		{FBA3AC39-C6B2-4391-92BC-E2BF17B5C785}.Debug|iPhone.ActiveCfg = Debug|Any CPU
		{FBA3AC39-C6B2-4391-92BC-E2BF17B5C785}.Debug|iPhone.Build.0 = Debug|Any CPU
		{FBA3AC39-C6B2-4391-92BC-E2BF17B5C785}.Debug|iPhoneSimulator.ActiveCfg = Debug|Any CPU
		{FBA3AC39-C6B2-4391-92BC-E2BF17B5C785}.Debug|iPhoneSimulator.Build.0 = Debug|Any CPU
		{FBA3AC39-C6B2-4391-92BC-E2BF17B5C785}.Debug|x64.ActiveCfg = Debug|Any CPU
		{FBA3AC39-C6B2-4391-92BC-E2BF17B5C785}.Debug|x64.Build.0 = Debug|Any CPU
		{FBA3AC39-C6B2-4391-92BC-E2BF17B5C785}.Debug|x86.ActiveCfg = Debug|Any CPU
		{FBA3AC39-C6B2-4391-92BC-E2BF17B5C785}.Debug|x86.Build.0 = Debug|Any CPU
		{FBA3AC39-C6B2-4391-92BC-E2BF17B5C785}.Release|Any CPU.ActiveCfg = Release|Any CPU
		{FBA3AC39-C6B2-4391-92BC-E2BF17B5C785}.Release|Any CPU.Build.0 = Release|Any CPU
		{FBA3AC39-C6B2-4391-92BC-E2BF17B5C785}.Release|ARM.ActiveCfg = Release|Any CPU
		{FBA3AC39-C6B2-4391-92BC-E2BF17B5C785}.Release|ARM.Build.0 = Release|Any CPU
		{FBA3AC39-C6B2-4391-92BC-E2BF17B5C785}.Release|iPhone.ActiveCfg = Release|Any CPU
		{FBA3AC39-C6B2-4391-92BC-E2BF17B5C785}.Release|iPhone.Build.0 = Release|Any CPU
		{FBA3AC39-C6B2-4391-92BC-E2BF17B5C785}.Release|iPhoneSimulator.ActiveCfg = Release|Any CPU
		{FBA3AC39-C6B2-4391-92BC-E2BF17B5C785}.Release|iPhoneSimulator.Build.0 = Release|Any CPU
		{FBA3AC39-C6B2-4391-92BC-E2BF17B5C785}.Release|x64.ActiveCfg = Release|Any CPU
		{FBA3AC39-C6B2-4391-92BC-E2BF17B5C785}.Release|x64.Build.0 = Release|Any CPU
		{FBA3AC39-C6B2-4391-92BC-E2BF17B5C785}.Release|x86.ActiveCfg = Release|Any CPU
		{FBA3AC39-C6B2-4391-92BC-E2BF17B5C785}.Release|x86.Build.0 = Release|Any CPU
		{49F1A988-ADF5-4E8B-83F0-B1651292BA4F}.Ad-Hoc|Any CPU.ActiveCfg = Release|x86
		{49F1A988-ADF5-4E8B-83F0-B1651292BA4F}.Ad-Hoc|Any CPU.Build.0 = Release|x86
		{49F1A988-ADF5-4E8B-83F0-B1651292BA4F}.Ad-Hoc|Any CPU.Deploy.0 = Release|x86
		{49F1A988-ADF5-4E8B-83F0-B1651292BA4F}.Ad-Hoc|ARM.ActiveCfg = Release|ARM
		{49F1A988-ADF5-4E8B-83F0-B1651292BA4F}.Ad-Hoc|ARM.Build.0 = Release|ARM
		{49F1A988-ADF5-4E8B-83F0-B1651292BA4F}.Ad-Hoc|ARM.Deploy.0 = Release|ARM
		{49F1A988-ADF5-4E8B-83F0-B1651292BA4F}.Ad-Hoc|iPhone.ActiveCfg = Release|x86
		{49F1A988-ADF5-4E8B-83F0-B1651292BA4F}.Ad-Hoc|iPhone.Build.0 = Release|x86
		{49F1A988-ADF5-4E8B-83F0-B1651292BA4F}.Ad-Hoc|iPhone.Deploy.0 = Release|x86
		{49F1A988-ADF5-4E8B-83F0-B1651292BA4F}.Ad-Hoc|iPhoneSimulator.ActiveCfg = Release|x86
		{49F1A988-ADF5-4E8B-83F0-B1651292BA4F}.Ad-Hoc|iPhoneSimulator.Build.0 = Release|x86
		{49F1A988-ADF5-4E8B-83F0-B1651292BA4F}.Ad-Hoc|iPhoneSimulator.Deploy.0 = Release|x86
		{49F1A988-ADF5-4E8B-83F0-B1651292BA4F}.Ad-Hoc|x64.ActiveCfg = Release|x64
		{49F1A988-ADF5-4E8B-83F0-B1651292BA4F}.Ad-Hoc|x64.Build.0 = Release|x64
		{49F1A988-ADF5-4E8B-83F0-B1651292BA4F}.Ad-Hoc|x64.Deploy.0 = Release|x64
		{49F1A988-ADF5-4E8B-83F0-B1651292BA4F}.Ad-Hoc|x86.ActiveCfg = Release|x86
		{49F1A988-ADF5-4E8B-83F0-B1651292BA4F}.Ad-Hoc|x86.Build.0 = Release|x86
		{49F1A988-ADF5-4E8B-83F0-B1651292BA4F}.Ad-Hoc|x86.Deploy.0 = Release|x86
		{49F1A988-ADF5-4E8B-83F0-B1651292BA4F}.AppStore|Any CPU.ActiveCfg = Release|x86
		{49F1A988-ADF5-4E8B-83F0-B1651292BA4F}.AppStore|Any CPU.Build.0 = Release|x86
		{49F1A988-ADF5-4E8B-83F0-B1651292BA4F}.AppStore|Any CPU.Deploy.0 = Release|x86
		{49F1A988-ADF5-4E8B-83F0-B1651292BA4F}.AppStore|ARM.ActiveCfg = Release|ARM
		{49F1A988-ADF5-4E8B-83F0-B1651292BA4F}.AppStore|ARM.Build.0 = Release|ARM
		{49F1A988-ADF5-4E8B-83F0-B1651292BA4F}.AppStore|ARM.Deploy.0 = Release|ARM
		{49F1A988-ADF5-4E8B-83F0-B1651292BA4F}.AppStore|iPhone.ActiveCfg = Release|x86
		{49F1A988-ADF5-4E8B-83F0-B1651292BA4F}.AppStore|iPhone.Build.0 = Release|x86
		{49F1A988-ADF5-4E8B-83F0-B1651292BA4F}.AppStore|iPhone.Deploy.0 = Release|x86
		{49F1A988-ADF5-4E8B-83F0-B1651292BA4F}.AppStore|iPhoneSimulator.ActiveCfg = Release|x86
		{49F1A988-ADF5-4E8B-83F0-B1651292BA4F}.AppStore|iPhoneSimulator.Build.0 = Release|x86
		{49F1A988-ADF5-4E8B-83F0-B1651292BA4F}.AppStore|iPhoneSimulator.Deploy.0 = Release|x86
		{49F1A988-ADF5-4E8B-83F0-B1651292BA4F}.AppStore|x64.ActiveCfg = Release|x64
		{49F1A988-ADF5-4E8B-83F0-B1651292BA4F}.AppStore|x64.Build.0 = Release|x64
		{49F1A988-ADF5-4E8B-83F0-B1651292BA4F}.AppStore|x64.Deploy.0 = Release|x64
		{49F1A988-ADF5-4E8B-83F0-B1651292BA4F}.AppStore|x86.ActiveCfg = Release|x86
		{49F1A988-ADF5-4E8B-83F0-B1651292BA4F}.AppStore|x86.Build.0 = Release|x86
		{49F1A988-ADF5-4E8B-83F0-B1651292BA4F}.AppStore|x86.Deploy.0 = Release|x86
		{49F1A988-ADF5-4E8B-83F0-B1651292BA4F}.Debug|Any CPU.ActiveCfg = Debug|x86
		{49F1A988-ADF5-4E8B-83F0-B1651292BA4F}.Debug|ARM.ActiveCfg = Debug|ARM
		{49F1A988-ADF5-4E8B-83F0-B1651292BA4F}.Debug|ARM.Build.0 = Debug|ARM
		{49F1A988-ADF5-4E8B-83F0-B1651292BA4F}.Debug|ARM.Deploy.0 = Debug|ARM
		{49F1A988-ADF5-4E8B-83F0-B1651292BA4F}.Debug|iPhone.ActiveCfg = Debug|x86
		{49F1A988-ADF5-4E8B-83F0-B1651292BA4F}.Debug|iPhoneSimulator.ActiveCfg = Debug|x86
		{49F1A988-ADF5-4E8B-83F0-B1651292BA4F}.Debug|x64.ActiveCfg = Debug|x64
		{49F1A988-ADF5-4E8B-83F0-B1651292BA4F}.Debug|x64.Build.0 = Debug|x64
		{49F1A988-ADF5-4E8B-83F0-B1651292BA4F}.Debug|x64.Deploy.0 = Debug|x64
		{49F1A988-ADF5-4E8B-83F0-B1651292BA4F}.Debug|x86.ActiveCfg = Debug|x86
		{49F1A988-ADF5-4E8B-83F0-B1651292BA4F}.Debug|x86.Build.0 = Debug|x86
		{49F1A988-ADF5-4E8B-83F0-B1651292BA4F}.Debug|x86.Deploy.0 = Debug|x86
		{49F1A988-ADF5-4E8B-83F0-B1651292BA4F}.Release|Any CPU.ActiveCfg = Release|x86
		{49F1A988-ADF5-4E8B-83F0-B1651292BA4F}.Release|ARM.ActiveCfg = Release|ARM
		{49F1A988-ADF5-4E8B-83F0-B1651292BA4F}.Release|ARM.Build.0 = Release|ARM
		{49F1A988-ADF5-4E8B-83F0-B1651292BA4F}.Release|ARM.Deploy.0 = Release|ARM
		{49F1A988-ADF5-4E8B-83F0-B1651292BA4F}.Release|iPhone.ActiveCfg = Release|x86
		{49F1A988-ADF5-4E8B-83F0-B1651292BA4F}.Release|iPhoneSimulator.ActiveCfg = Release|x86
		{49F1A988-ADF5-4E8B-83F0-B1651292BA4F}.Release|x64.ActiveCfg = Release|x64
		{49F1A988-ADF5-4E8B-83F0-B1651292BA4F}.Release|x64.Build.0 = Release|x64
		{49F1A988-ADF5-4E8B-83F0-B1651292BA4F}.Release|x64.Deploy.0 = Release|x64
		{49F1A988-ADF5-4E8B-83F0-B1651292BA4F}.Release|x86.ActiveCfg = Release|x86
		{49F1A988-ADF5-4E8B-83F0-B1651292BA4F}.Release|x86.Build.0 = Release|x86
		{49F1A988-ADF5-4E8B-83F0-B1651292BA4F}.Release|x86.Deploy.0 = Release|x86
		{60BAB62F-E76A-476F-B16A-38EFFAF6E14F}.Ad-Hoc|Any CPU.ActiveCfg = Ad-Hoc|iPhone
		{60BAB62F-E76A-476F-B16A-38EFFAF6E14F}.Ad-Hoc|ARM.ActiveCfg = Ad-Hoc|iPhone
		{60BAB62F-E76A-476F-B16A-38EFFAF6E14F}.Ad-Hoc|iPhone.ActiveCfg = Ad-Hoc|iPhone
		{60BAB62F-E76A-476F-B16A-38EFFAF6E14F}.Ad-Hoc|iPhone.Build.0 = Ad-Hoc|iPhone
		{60BAB62F-E76A-476F-B16A-38EFFAF6E14F}.Ad-Hoc|iPhoneSimulator.ActiveCfg = Ad-Hoc|iPhoneSimulator
		{60BAB62F-E76A-476F-B16A-38EFFAF6E14F}.Ad-Hoc|iPhoneSimulator.Build.0 = Ad-Hoc|iPhoneSimulator
		{60BAB62F-E76A-476F-B16A-38EFFAF6E14F}.Ad-Hoc|x64.ActiveCfg = Ad-Hoc|iPhone
		{60BAB62F-E76A-476F-B16A-38EFFAF6E14F}.Ad-Hoc|x86.ActiveCfg = Ad-Hoc|iPhone
		{60BAB62F-E76A-476F-B16A-38EFFAF6E14F}.AppStore|Any CPU.ActiveCfg = AppStore|iPhone
		{60BAB62F-E76A-476F-B16A-38EFFAF6E14F}.AppStore|ARM.ActiveCfg = AppStore|iPhone
		{60BAB62F-E76A-476F-B16A-38EFFAF6E14F}.AppStore|iPhone.ActiveCfg = AppStore|iPhone
		{60BAB62F-E76A-476F-B16A-38EFFAF6E14F}.AppStore|iPhone.Build.0 = AppStore|iPhone
		{60BAB62F-E76A-476F-B16A-38EFFAF6E14F}.AppStore|iPhoneSimulator.ActiveCfg = AppStore|iPhoneSimulator
		{60BAB62F-E76A-476F-B16A-38EFFAF6E14F}.AppStore|iPhoneSimulator.Build.0 = AppStore|iPhoneSimulator
		{60BAB62F-E76A-476F-B16A-38EFFAF6E14F}.AppStore|x64.ActiveCfg = AppStore|iPhone
		{60BAB62F-E76A-476F-B16A-38EFFAF6E14F}.AppStore|x86.ActiveCfg = AppStore|iPhone
		{60BAB62F-E76A-476F-B16A-38EFFAF6E14F}.Debug|Any CPU.ActiveCfg = Debug|iPhone
		{60BAB62F-E76A-476F-B16A-38EFFAF6E14F}.Debug|ARM.ActiveCfg = Debug|iPhone
		{60BAB62F-E76A-476F-B16A-38EFFAF6E14F}.Debug|iPhone.ActiveCfg = Debug|iPhone
		{60BAB62F-E76A-476F-B16A-38EFFAF6E14F}.Debug|iPhone.Build.0 = Debug|iPhone
		{60BAB62F-E76A-476F-B16A-38EFFAF6E14F}.Debug|iPhoneSimulator.ActiveCfg = Debug|iPhoneSimulator
		{60BAB62F-E76A-476F-B16A-38EFFAF6E14F}.Debug|iPhoneSimulator.Build.0 = Debug|iPhoneSimulator
		{60BAB62F-E76A-476F-B16A-38EFFAF6E14F}.Debug|x64.ActiveCfg = Debug|iPhone
		{60BAB62F-E76A-476F-B16A-38EFFAF6E14F}.Debug|x86.ActiveCfg = Debug|iPhone
		{60BAB62F-E76A-476F-B16A-38EFFAF6E14F}.Release|Any CPU.ActiveCfg = Release|iPhone
		{60BAB62F-E76A-476F-B16A-38EFFAF6E14F}.Release|ARM.ActiveCfg = Release|iPhone
		{60BAB62F-E76A-476F-B16A-38EFFAF6E14F}.Release|iPhone.ActiveCfg = Release|iPhone
		{60BAB62F-E76A-476F-B16A-38EFFAF6E14F}.Release|iPhone.Build.0 = Release|iPhone
		{60BAB62F-E76A-476F-B16A-38EFFAF6E14F}.Release|iPhoneSimulator.ActiveCfg = Release|iPhoneSimulator
		{60BAB62F-E76A-476F-B16A-38EFFAF6E14F}.Release|iPhoneSimulator.Build.0 = Release|iPhoneSimulator
		{60BAB62F-E76A-476F-B16A-38EFFAF6E14F}.Release|x64.ActiveCfg = Release|iPhone
		{60BAB62F-E76A-476F-B16A-38EFFAF6E14F}.Release|x86.ActiveCfg = Release|iPhone
		{A90EB4A5-4236-4D7B-96A0-2E2BA0CF9319}.Ad-Hoc|Any CPU.ActiveCfg = Release|Any CPU
		{A90EB4A5-4236-4D7B-96A0-2E2BA0CF9319}.Ad-Hoc|Any CPU.Build.0 = Release|Any CPU
		{A90EB4A5-4236-4D7B-96A0-2E2BA0CF9319}.Ad-Hoc|ARM.ActiveCfg = Release|Any CPU
		{A90EB4A5-4236-4D7B-96A0-2E2BA0CF9319}.Ad-Hoc|ARM.Build.0 = Release|Any CPU
		{A90EB4A5-4236-4D7B-96A0-2E2BA0CF9319}.Ad-Hoc|iPhone.ActiveCfg = Release|Any CPU
		{A90EB4A5-4236-4D7B-96A0-2E2BA0CF9319}.Ad-Hoc|iPhone.Build.0 = Release|Any CPU
		{A90EB4A5-4236-4D7B-96A0-2E2BA0CF9319}.Ad-Hoc|iPhoneSimulator.ActiveCfg = Release|Any CPU
		{A90EB4A5-4236-4D7B-96A0-2E2BA0CF9319}.Ad-Hoc|iPhoneSimulator.Build.0 = Release|Any CPU
		{A90EB4A5-4236-4D7B-96A0-2E2BA0CF9319}.Ad-Hoc|x64.ActiveCfg = Release|Any CPU
		{A90EB4A5-4236-4D7B-96A0-2E2BA0CF9319}.Ad-Hoc|x64.Build.0 = Release|Any CPU
		{A90EB4A5-4236-4D7B-96A0-2E2BA0CF9319}.Ad-Hoc|x86.ActiveCfg = Release|Any CPU
		{A90EB4A5-4236-4D7B-96A0-2E2BA0CF9319}.Ad-Hoc|x86.Build.0 = Release|Any CPU
		{A90EB4A5-4236-4D7B-96A0-2E2BA0CF9319}.AppStore|Any CPU.ActiveCfg = Release|Any CPU
		{A90EB4A5-4236-4D7B-96A0-2E2BA0CF9319}.AppStore|Any CPU.Build.0 = Release|Any CPU
		{A90EB4A5-4236-4D7B-96A0-2E2BA0CF9319}.AppStore|ARM.ActiveCfg = Release|Any CPU
		{A90EB4A5-4236-4D7B-96A0-2E2BA0CF9319}.AppStore|ARM.Build.0 = Release|Any CPU
		{A90EB4A5-4236-4D7B-96A0-2E2BA0CF9319}.AppStore|iPhone.ActiveCfg = Release|Any CPU
		{A90EB4A5-4236-4D7B-96A0-2E2BA0CF9319}.AppStore|iPhone.Build.0 = Release|Any CPU
		{A90EB4A5-4236-4D7B-96A0-2E2BA0CF9319}.AppStore|iPhoneSimulator.ActiveCfg = Release|Any CPU
		{A90EB4A5-4236-4D7B-96A0-2E2BA0CF9319}.AppStore|iPhoneSimulator.Build.0 = Release|Any CPU
		{A90EB4A5-4236-4D7B-96A0-2E2BA0CF9319}.AppStore|x64.ActiveCfg = Release|Any CPU
		{A90EB4A5-4236-4D7B-96A0-2E2BA0CF9319}.AppStore|x64.Build.0 = Release|Any CPU
		{A90EB4A5-4236-4D7B-96A0-2E2BA0CF9319}.AppStore|x86.ActiveCfg = Release|Any CPU
		{A90EB4A5-4236-4D7B-96A0-2E2BA0CF9319}.AppStore|x86.Build.0 = Release|Any CPU
		{A90EB4A5-4236-4D7B-96A0-2E2BA0CF9319}.Debug|Any CPU.ActiveCfg = Debug|Any CPU
		{A90EB4A5-4236-4D7B-96A0-2E2BA0CF9319}.Debug|Any CPU.Build.0 = Debug|Any CPU
		{A90EB4A5-4236-4D7B-96A0-2E2BA0CF9319}.Debug|ARM.ActiveCfg = Debug|Any CPU
		{A90EB4A5-4236-4D7B-96A0-2E2BA0CF9319}.Debug|ARM.Build.0 = Debug|Any CPU
		{A90EB4A5-4236-4D7B-96A0-2E2BA0CF9319}.Debug|iPhone.ActiveCfg = Debug|Any CPU
		{A90EB4A5-4236-4D7B-96A0-2E2BA0CF9319}.Debug|iPhone.Build.0 = Debug|Any CPU
		{A90EB4A5-4236-4D7B-96A0-2E2BA0CF9319}.Debug|iPhoneSimulator.ActiveCfg = Debug|Any CPU
		{A90EB4A5-4236-4D7B-96A0-2E2BA0CF9319}.Debug|iPhoneSimulator.Build.0 = Debug|Any CPU
		{A90EB4A5-4236-4D7B-96A0-2E2BA0CF9319}.Debug|x64.ActiveCfg = Debug|Any CPU
		{A90EB4A5-4236-4D7B-96A0-2E2BA0CF9319}.Debug|x64.Build.0 = Debug|Any CPU
		{A90EB4A5-4236-4D7B-96A0-2E2BA0CF9319}.Debug|x86.ActiveCfg = Debug|Any CPU
		{A90EB4A5-4236-4D7B-96A0-2E2BA0CF9319}.Debug|x86.Build.0 = Debug|Any CPU
		{A90EB4A5-4236-4D7B-96A0-2E2BA0CF9319}.Release|Any CPU.ActiveCfg = Release|Any CPU
		{A90EB4A5-4236-4D7B-96A0-2E2BA0CF9319}.Release|Any CPU.Build.0 = Release|Any CPU
		{A90EB4A5-4236-4D7B-96A0-2E2BA0CF9319}.Release|ARM.ActiveCfg = Release|Any CPU
		{A90EB4A5-4236-4D7B-96A0-2E2BA0CF9319}.Release|ARM.Build.0 = Release|Any CPU
		{A90EB4A5-4236-4D7B-96A0-2E2BA0CF9319}.Release|iPhone.ActiveCfg = Release|Any CPU
		{A90EB4A5-4236-4D7B-96A0-2E2BA0CF9319}.Release|iPhone.Build.0 = Release|Any CPU
		{A90EB4A5-4236-4D7B-96A0-2E2BA0CF9319}.Release|iPhoneSimulator.ActiveCfg = Release|Any CPU
		{A90EB4A5-4236-4D7B-96A0-2E2BA0CF9319}.Release|iPhoneSimulator.Build.0 = Release|Any CPU
		{A90EB4A5-4236-4D7B-96A0-2E2BA0CF9319}.Release|x64.ActiveCfg = Release|Any CPU
		{A90EB4A5-4236-4D7B-96A0-2E2BA0CF9319}.Release|x64.Build.0 = Release|Any CPU
		{A90EB4A5-4236-4D7B-96A0-2E2BA0CF9319}.Release|x86.ActiveCfg = Release|Any CPU
		{A90EB4A5-4236-4D7B-96A0-2E2BA0CF9319}.Release|x86.Build.0 = Release|Any CPU
	EndGlobalSection
	GlobalSection(SolutionProperties) = preSolution
		HideSolutionNode = FALSE
	EndGlobalSection
EndGlobal
